
Microsoft Visual Studio Solution File, Format Version 12.00
# Visual Studio 14
VisualStudioVersion = 14.0.25420.1
MinimumVisualStudioVersion = 10.0.40219.1
Project("{FAE04EC0-301F-11D3-BF4B-00C04F79EFBC}") = "PopulatePatientsData", "PopulatePatientsData\PopulatePatientsData.csproj", "{F04CBA7E-AF20-4512-A600-6D1E140300A2}"
EndProject
Project("{FAE04EC0-301F-11D3-BF4B-00C04F79EFBC}") = "DataAccessLibrary", "DataAccessLibrary\DataAccessLibrary.csproj", "{88A995A5-A3B7-4977-BF1B-CD7C0638F3CD}"
EndProject
Project("{FAE04EC0-301F-11D3-BF4B-00C04F79EFBC}") = "Commons", "Commons\Commons.csproj", "{383D7957-90A8-4C05-99DB-DC53D0771723}"
EndProject
Global
	GlobalSection(SolutionConfigurationPlatforms) = preSolution
		Debug|Any CPU = Debug|Any CPU
		Release|Any CPU = Release|Any CPU
	EndGlobalSection
	GlobalSection(ProjectConfigurationPlatforms) = postSolution
		{F04CBA7E-AF20-4512-A600-6D1E140300A2}.Debug|Any CPU.ActiveCfg = Debug|Any CPU
		{F04CBA7E-AF20-4512-A600-6D1E140300A2}.Debug|Any CPU.Build.0 = Debug|Any CPU
		{F04CBA7E-AF20-4512-A600-6D1E140300A2}.Release|Any CPU.ActiveCfg = Release|Any CPU
		{F04CBA7E-AF20-4512-A600-6D1E140300A2}.Release|Any CPU.Build.0 = Release|Any CPU
		{88A995A5-A3B7-4977-BF1B-CD7C0638F3CD}.Debug|Any CPU.ActiveCfg = Debug|Any CPU
		{88A995A5-A3B7-4977-BF1B-CD7C0638F3CD}.Debug|Any CPU.Build.0 = Debug|Any CPU
		{88A995A5-A3B7-4977-BF1B-CD7C0638F3CD}.Release|Any CPU.ActiveCfg = Release|Any CPU
		{88A995A5-A3B7-4977-BF1B-CD7C0638F3CD}.Release|Any CPU.Build.0 = Release|Any CPU
		{383D7957-90A8-4C05-99DB-DC53D0771723}.Debug|Any CPU.ActiveCfg = Debug|Any CPU
		{383D7957-90A8-4C05-99DB-DC53D0771723}.Debug|Any CPU.Build.0 = Debug|Any CPU
		{383D7957-90A8-4C05-99DB-DC53D0771723}.Release|Any CPU.ActiveCfg = Release|Any CPU
		{383D7957-90A8-4C05-99DB-DC53D0771723}.Release|Any CPU.Build.0 = Release|Any CPU
	EndGlobalSection
	GlobalSection(SolutionProperties) = preSolution
		HideSolutionNode = FALSE
	EndGlobalSection
EndGlobal
